
Microsoft Visual Studio Solution File, Format Version 12.00
# Visual Studio Version 17
VisualStudioVersion = 17.1.32421.90
MinimumVisualStudioVersion = 10.0.40219.1
Project("{FAE04EC0-301F-11D3-BF4B-00C04F79EFBC}") = "Jardines", "Jardines.csproj", "{B8C1B53E-1118-419A-9CA2-C07A2F630442}"
EndProject
Global
	GlobalSection(SolutionConfigurationPlatforms) = preSolution
		Debug|Any CPU = Debug|Any CPU
		Release|Any CPU = Release|Any CPU
	EndGlobalSection
	GlobalSection(ProjectConfigurationPlatforms) = postSolution
		{B8C1B53E-1118-419A-9CA2-C07A2F630442}.Debug|Any CPU.ActiveCfg = Debug|Any CPU
		{B8C1B53E-1118-419A-9CA2-C07A2F630442}.Debug|Any CPU.Build.0 = Debug|Any CPU
		{B8C1B53E-1118-419A-9CA2-C07A2F630442}.Release|Any CPU.ActiveCfg = Release|Any CPU
		{B8C1B53E-1118-419A-9CA2-C07A2F630442}.Release|Any CPU.Build.0 = Release|Any CPU
	EndGlobalSection
	GlobalSection(SolutionProperties) = preSolution
		HideSolutionNode = FALSE
	EndGlobalSection
	GlobalSection(ExtensibilityGlobals) = postSolution
		SolutionGuid = {75C03A60-5E48-4C96-B2DE-D42964C2BDA6}
	EndGlobalSection
EndGlobal
